<?xml version="1.0" encoding="utf-8"?>
<Project ToolsVersion="4.0" xmlns="http://schemas.microsoft.com/developer/msbuild/2003">
  <ItemGroup>
    <Filter Include="Source Files">
      <UniqueIdentifier>{4FC737F1-C7A5-4376-A066-2A32D752A2FF}</UniqueIdentifier>
      <Extensions>cpp;c;cc;cxx;def;odl;idl;hpj;bat;asm;asmx</Extensions>
    </Filter>
    <Filter Include="Header Files">
      <UniqueIdentifier>{93995380-89BD-4b04-88EB-625FBE52EBFB}</UniqueIdentifier>
      <Extensions>h;hh;hpp;hxx;hm;inl;inc;xsd</Extensions>
    </Filter>
    <Filter Include="Resource Files">
      <UniqueIdentifier>{67DA6AB6-F800-4c08-8B7A-83BB121AAD01}</UniqueIdentifier>
      <Extensions>rc;ico;cur;bmp;dlg;rc2;rct;bin;rgs;gif;jpg;jpeg;jpe;resx;tiff;tif;png;wav;mfcribbon-ms</Extensions>
    </Filter>
    <Filter Include="src">
      <UniqueIdentifier>{b1e4048d-90d1-496b-b07d-87d9d736a1a2}</UniqueIdentifier>
    </Filter>
    <Filter Include="src\_micro-api-readonly">
      <UniqueIdentifier>{5675029c-be21-4471-bef1-0e74b55704f6}</UniqueIdentifier>
    </Filter>
    <Filter Include="src\_micro-api-readonly\core">
      <UniqueIdentifier>{8b8919c4-c1b3-4206-8b0d-8c4269690c1a}</UniqueIdentifier>
    </Filter>
    <Filter Include="src\_micro-api-readonly\variants">
      <UniqueIdentifier>{929fb3c6-5d40-4a29-b33b-512d9771c5f7}</UniqueIdentifier>
    </Filter>
    <Filter Include="src\_micro-api-readonly\variants\standard">
      <UniqueIdentifier>{d1093ee1-76e1-45fb-9ddd-530435fcd4b3}</UniqueIdentifier>
    </Filter>
    <Filter Include="src\_micro-api-readonly\libraries">
      <UniqueIdentifier>{55fde316-a210-4a37-9ddf-ed8a5920f63c}</UniqueIdentifier>
    </Filter>
    <Filter Include="src\_micro-api-readonly\libraries\EEPROM">
      <UniqueIdentifier>{336bf2b0-6566-4a57-9545-8d98e5062e9d}</UniqueIdentifier>
    </Filter>
    <Filter Include="src\_micro-api-readonly\libraries\EEPROM\src">
      <UniqueIdentifier>{c02fe4a4-338e-46b6-be05-c52d89ba1e5a}</UniqueIdentifier>
    </Filter>
    <Filter Include="src\_micro-api-readonly\libraries\EEPROMAnything">
      <UniqueIdentifier>{ae61b0ee-a41f-4c1b-af1e-a557fc59e2b2}</UniqueIdentifier>
    </Filter>
    <Filter Include="src\_micro-api-readonly\libraries\jeelib">
      <UniqueIdentifier>{b88b44d1-a9db-4f7e-8376-328010d32eab}</UniqueIdentifier>
    </Filter>
    <Filter Include="src\_micro-api-readonly\libraries\RTClib">
      <UniqueIdentifier>{6143b852-d2a6-4148-8887-4fe198db0002}</UniqueIdentifier>
    </Filter>
    <Filter Include="src\_micro-api-readonly\libraries\serLCD">
      <UniqueIdentifier>{5e127712-bcca-44ba-b3e1-1e30dac02a9d}</UniqueIdentifier>
    </Filter>
    <Filter Include="src\_micro-api-readonly\libraries\Servo">
      <UniqueIdentifier>{53f1c99c-0d29-487d-9806-f4e7562fd044}</UniqueIdentifier>
    </Filter>
    <Filter Include="src\_micro-api-readonly\libraries\Servo\src">
      <UniqueIdentifier>{1d574d7b-93c8-4ff7-9fad-32920281d866}</UniqueIdentifier>
    </Filter>
    <Filter Include="src\_micro-api-readonly\libraries\Servo\src\avr">
      <UniqueIdentifier>{83d16419-cdcc-4b51-9f94-7b9c485b17ac}</UniqueIdentifier>
    </Filter>
    <Filter Include="src\_micro-api-readonly\libraries\Servo\src\sam">
      <UniqueIdentifier>{50ffae73-3b82-4e95-8e8f-780462b334ac}</UniqueIdentifier>
    </Filter>
    <Filter Include="src\_micro-api-readonly\libraries\Servo\src\samd">
      <UniqueIdentifier>{6f44b4e9-60e7-4a73-83e6-8f120f810a47}</UniqueIdentifier>
    </Filter>
    <Filter Include="src\_micro-api-readonly\libraries\SoftwareSerial">
      <UniqueIdentifier>{56af7b39-2abd-4835-82d4-50ef9145f278}</UniqueIdentifier>
    </Filter>
    <Filter Include="src\_micro-api-readonly\libraries\SoftwareSerial\src">
      <UniqueIdentifier>{93513d13-cabb-449a-b3dd-a4e451693214}</UniqueIdentifier>
    </Filter>
    <Filter Include="src\_micro-api-readonly\libraries\Wire">
      <UniqueIdentifier>{7793b4c4-2436-42a9-a03f-81a1e4c0e4ae}</UniqueIdentifier>
    </Filter>
    <Filter Include="src\_micro-api-readonly\libraries\Wire\src">
      <UniqueIdentifier>{4d9ea673-ec6d-4383-858b-1ec39269c3ca}</UniqueIdentifier>
    </Filter>
    <Filter Include="src\_micro-api-readonly\libraries\Wire\src\utility">
      <UniqueIdentifier>{c2430ff3-42d8-4980-864a-46ef80ba57cd}</UniqueIdentifier>
    </Filter>
    <Filter Include="src\_micro-api-readonly\libraries\TimeAlarms">
      <UniqueIdentifier>{90cb61c2-8940-4848-9cbd-0f2f5b37c811}</UniqueIdentifier>
    </Filter>
    <Filter Include="src\_micro-api-readonly\libraries\Time">
      <UniqueIdentifier>{184c2fb1-0444-45c9-addd-142063c40660}</UniqueIdentifier>
    </Filter>
  </ItemGroup>
  <ItemGroup>
    <None Include="foodSafe.ino" />
    <None Include="..\..\..\..\..\Program Files (x86)\Arduino\hardware\arduino\avr\cores\arduino\wiring_pulse.S">
      <Filter>src\_micro-api-readonly\core</Filter>
    </None>
    <None Include="..\..\..\..\..\Program Files (x86)\Arduino\hardware\arduino\avr\libraries\EEPROM\library.properties">
      <Filter>src\_micro-api-readonly\libraries\EEPROM</Filter>
    </None>
    <None Include="..\..\..\..\..\Program Files (x86)\Arduino\libraries\Servo\library.properties">
      <Filter>src\_micro-api-readonly\libraries\Servo</Filter>
    </None>
    <None Include="..\..\..\..\..\Program Files (x86)\Arduino\hardware\arduino\avr\libraries\SoftwareSerial\library.properties">
      <Filter>src\_micro-api-readonly\libraries\SoftwareSerial</Filter>
    </None>
    <None Include="..\..\..\..\..\Program Files (x86)\Arduino\hardware\arduino\avr\libraries\Wire\library.properties">
      <Filter>src\_micro-api-readonly\libraries\Wire</Filter>
    </None>
    <None Include="..\libraries\TimeAlarms\library.json">
      <Filter>src\_micro-api-readonly\libraries\TimeAlarms</Filter>
    </None>
    <None Include="..\libraries\TimeAlarms\library.properties">
      <Filter>src\_micro-api-readonly\libraries\TimeAlarms</Filter>
    </None>
  </ItemGroup>
  <ItemGroup>
    <ClInclude Include="Visual Micro\.foodSafe.vsarduino.h">
      <Filter>Header Files</Filter>
    </ClInclude>
    <ClInclude Include="__vm\.foodSafe.vsarduino.h">
      <Filter>Header Files</Filter>
    </ClInclude>
    <ClInclude Include="..\..\..\..\..\Program Files (x86)\Arduino\hardware\arduino\avr\cores\arduino\Arduino.h">
      <Filter>src\_micro-api-readonly\core</Filter>
    </ClInclude>
    <ClInclude Include="..\..\..\..\..\Program Files (x86)\Arduino\hardware\arduino\avr\cores\arduino\binary.h">
      <Filter>src\_micro-api-readonly\core</Filter>
    </ClInclude>
    <ClInclude Include="..\..\..\..\..\Program Files (x86)\Arduino\hardware\arduino\avr\cores\arduino\Client.h">
      <Filter>src\_micro-api-readonly\core</Filter>
    </ClInclude>
    <ClInclude Include="..\..\..\..\..\Program Files (x86)\Arduino\hardware\arduino\avr\cores\arduino\HardwareSerial.h">
      <Filter>src\_micro-api-readonly\core</Filter>
    </ClInclude>
    <ClInclude Include="..\..\..\..\..\Program Files (x86)\Arduino\hardware\arduino\avr\cores\arduino\HardwareSerial_private.h">
      <Filter>src\_micro-api-readonly\core</Filter>
    </ClInclude>
    <ClInclude Include="..\..\..\..\..\Program Files (x86)\Arduino\hardware\arduino\avr\cores\arduino\IPAddress.h">
      <Filter>src\_micro-api-readonly\core</Filter>
    </ClInclude>
    <ClInclude Include="..\..\..\..\..\Program Files (x86)\Arduino\hardware\arduino\avr\cores\arduino\new.h">
      <Filter>src\_micro-api-readonly\core</Filter>
    </ClInclude>
    <ClInclude Include="..\..\..\..\..\Program Files (x86)\Arduino\hardware\arduino\avr\cores\arduino\PluggableUSB.h">
      <Filter>src\_micro-api-readonly\core</Filter>
    </ClInclude>
    <ClInclude Include="..\..\..\..\..\Program Files (x86)\Arduino\hardware\arduino\avr\cores\arduino\Print.h">
      <Filter>src\_micro-api-readonly\core</Filter>
    </ClInclude>
    <ClInclude Include="..\..\..\..\..\Program Files (x86)\Arduino\hardware\arduino\avr\cores\arduino\Printable.h">
      <Filter>src\_micro-api-readonly\core</Filter>
    </ClInclude>
    <ClInclude Include="..\..\..\..\..\Program Files (x86)\Arduino\hardware\arduino\avr\cores\arduino\Server.h">
      <Filter>src\_micro-api-readonly\core</Filter>
    </ClInclude>
    <ClInclude Include="..\..\..\..\..\Program Files (x86)\Arduino\hardware\arduino\avr\cores\arduino\Stream.h">
      <Filter>src\_micro-api-readonly\core</Filter>
    </ClInclude>
    <ClInclude Include="..\..\..\..\..\Program Files (x86)\Arduino\hardware\arduino\avr\cores\arduino\Udp.h">
      <Filter>src\_micro-api-readonly\core</Filter>
    </ClInclude>
    <ClInclude Include="..\..\..\..\..\Program Files (x86)\Arduino\hardware\arduino\avr\cores\arduino\USBAPI.h">
      <Filter>src\_micro-api-readonly\core</Filter>
    </ClInclude>
    <ClInclude Include="..\..\..\..\..\Program Files (x86)\Arduino\hardware\arduino\avr\cores\arduino\USBCore.h">
      <Filter>src\_micro-api-readonly\core</Filter>
    </ClInclude>
    <ClInclude Include="..\..\..\..\..\Program Files (x86)\Arduino\hardware\arduino\avr\cores\arduino\USBDesc.h">
      <Filter>src\_micro-api-readonly\core</Filter>
    </ClInclude>
    <ClInclude Include="..\..\..\..\..\Program Files (x86)\Arduino\hardware\arduino\avr\cores\arduino\WCharacter.h">
      <Filter>src\_micro-api-readonly\core</Filter>
    </ClInclude>
    <ClInclude Include="..\..\..\..\..\Program Files (x86)\Arduino\hardware\arduino\avr\cores\arduino\wiring_private.h">
      <Filter>src\_micro-api-readonly\core</Filter>
    </ClInclude>
    <ClInclude Include="..\..\..\..\..\Program Files (x86)\Arduino\hardware\arduino\avr\cores\arduino\WString.h">
      <Filter>src\_micro-api-readonly\core</Filter>
    </ClInclude>
    <ClInclude Include="..\..\..\..\..\Program Files (x86)\Arduino\hardware\arduino\avr\variants\standard\pins_arduino.h">
      <Filter>src\_micro-api-readonly\variants\standard</Filter>
    </ClInclude>
    <ClInclude Include="..\..\..\..\..\Program Files (x86)\Arduino\hardware\arduino\avr\libraries\EEPROM\src\EEPROM.h">
      <Filter>src\_micro-api-readonly\libraries\EEPROM\src</Filter>
    </ClInclude>
    <ClInclude Include="..\libraries\EEPROMAnything\EEPROMAnything.h">
      <Filter>src\_micro-api-readonly\libraries\EEPROMAnything</Filter>
    </ClInclude>
    <ClInclude Include="..\libraries\jeelib\JeeLib.h">
      <Filter>src\_micro-api-readonly\libraries\jeelib</Filter>
    </ClInclude>
    <ClInclude Include="..\libraries\jeelib\Ports.h">
      <Filter>src\_micro-api-readonly\libraries\jeelib</Filter>
    </ClInclude>
    <ClInclude Include="..\libraries\jeelib\PortsBMP085.h">
      <Filter>src\_micro-api-readonly\libraries\jeelib</Filter>
    </ClInclude>
    <ClInclude Include="..\libraries\jeelib\PortsLCD.h">
      <Filter>src\_micro-api-readonly\libraries\jeelib</Filter>
    </ClInclude>
    <ClInclude Include="..\libraries\jeelib\PortsSHT11.h">
      <Filter>src\_micro-api-readonly\libraries\jeelib</Filter>
    </ClInclude>
    <ClInclude Include="..\libraries\jeelib\RF12.h">
      <Filter>src\_micro-api-readonly\libraries\jeelib</Filter>
    </ClInclude>
    <ClInclude Include="..\libraries\jeelib\RF12sio.h">
      <Filter>src\_micro-api-readonly\libraries\jeelib</Filter>
    </ClInclude>
    <ClInclude Include="..\libraries\jeelib\RF69.h">
      <Filter>src\_micro-api-readonly\libraries\jeelib</Filter>
    </ClInclude>
    <ClInclude Include="..\libraries\jeelib\RF69_avr.h">
      <Filter>src\_micro-api-readonly\libraries\jeelib</Filter>
    </ClInclude>
    <ClInclude Include="..\libraries\jeelib\RF69_compat.h">
      <Filter>src\_micro-api-readonly\libraries\jeelib</Filter>
    </ClInclude>
    <ClInclude Include="..\libraries\RTClib\RTClib.h">
      <Filter>src\_micro-api-readonly\libraries\RTClib</Filter>
    </ClInclude>
    <ClInclude Include="..\libraries\serLCD\serLCD.h">
      <Filter>src\_micro-api-readonly\libraries\serLCD</Filter>
    </ClInclude>
    <ClInclude Include="..\..\..\..\..\Program Files (x86)\Arduino\libraries\Servo\src\Servo.h">
      <Filter>src\_micro-api-readonly\libraries\Servo\src</Filter>
    </ClInclude>
    <ClInclude Include="..\..\..\..\..\Program Files (x86)\Arduino\libraries\Servo\src\avr\ServoTimers.h">
      <Filter>src\_micro-api-readonly\libraries\Servo\src\avr</Filter>
    </ClInclude>
    <ClInclude Include="..\..\..\..\..\Program Files (x86)\Arduino\libraries\Servo\src\sam\ServoTimers.h">
      <Filter>src\_micro-api-readonly\libraries\Servo\src\sam</Filter>
    </ClInclude>
    <ClInclude Include="..\..\..\..\..\Program Files (x86)\Arduino\libraries\Servo\src\samd\ServoTimers.h">
      <Filter>src\_micro-api-readonly\libraries\Servo\src\samd</Filter>
    </ClInclude>
    <ClInclude Include="..\..\..\..\..\Program Files (x86)\Arduino\hardware\arduino\avr\libraries\SoftwareSerial\src\SoftwareSerial.h">
      <Filter>src\_micro-api-readonly\libraries\SoftwareSerial\src</Filter>
    </ClInclude>
    <ClInclude Include="..\..\..\..\..\Program Files (x86)\Arduino\hardware\arduino\avr\libraries\Wire\src\Wire.h">
      <Filter>src\_micro-api-readonly\libraries\Wire\src</Filter>
    </ClInclude>
    <ClInclude Include="..\..\..\..\..\Program Files (x86)\Arduino\hardware\arduino\avr\libraries\Wire\src\utility\twi.h">
      <Filter>src\_micro-api-readonly\libraries\Wire\src\utility</Filter>
    </ClInclude>
    <ClInclude Include="..\libraries\TimeAlarms\TimeAlarms.h">
      <Filter>src\_micro-api-readonly\libraries\TimeAlarms</Filter>
    </ClInclude>
    <ClInclude Include="..\libraries\Time\Time.h">
      <Filter>src\_micro-api-readonly\libraries\Time</Filter>
    </ClInclude>
  </ItemGroup>
  <ItemGroup>
    <ClCompile Include="..\..\..\..\..\Program Files (x86)\Arduino\hardware\arduino\avr\cores\arduino\abi.cpp">
      <Filter>src\_micro-api-readonly\core</Filter>
    </ClCompile>
    <ClCompile Include="..\..\..\..\..\Program Files (x86)\Arduino\hardware\arduino\avr\cores\arduino\CDC.cpp">
      <Filter>src\_micro-api-readonly\core</Filter>
    </ClCompile>
    <ClCompile Include="..\..\..\..\..\Program Files (x86)\Arduino\hardware\arduino\avr\cores\arduino\HardwareSerial.cpp">
      <Filter>src\_micro-api-readonly\core</Filter>
    </ClCompile>
    <ClCompile Include="..\..\..\..\..\Program Files (x86)\Arduino\hardware\arduino\avr\cores\arduino\HardwareSerial0.cpp">
      <Filter>src\_micro-api-readonly\core</Filter>
    </ClCompile>
    <ClCompile Include="..\..\..\..\..\Program Files (x86)\Arduino\hardware\arduino\avr\cores\arduino\HardwareSerial1.cpp">
      <Filter>src\_micro-api-readonly\core</Filter>
    </ClCompile>
    <ClCompile Include="..\..\..\..\..\Program Files (x86)\Arduino\hardware\arduino\avr\cores\arduino\HardwareSerial2.cpp">
      <Filter>src\_micro-api-readonly\core</Filter>
    </ClCompile>
    <ClCompile Include="..\..\..\..\..\Program Files (x86)\Arduino\hardware\arduino\avr\cores\arduino\HardwareSerial3.cpp">
      <Filter>src\_micro-api-readonly\core</Filter>
    </ClCompile>
    <ClCompile Include="..\..\..\..\..\Program Files (x86)\Arduino\hardware\arduino\avr\cores\arduino\hooks.c">
      <Filter>src\_micro-api-readonly\core</Filter>
    </ClCompile>
    <ClCompile Include="..\..\..\..\..\Program Files (x86)\Arduino\hardware\arduino\avr\cores\arduino\IPAddress.cpp">
      <Filter>src\_micro-api-readonly\core</Filter>
    </ClCompile>
    <ClCompile Include="..\..\..\..\..\Program Files (x86)\Arduino\hardware\arduino\avr\cores\arduino\main.cpp">
      <Filter>src\_micro-api-readonly\core</Filter>
    </ClCompile>
    <ClCompile Include="..\..\..\..\..\Program Files (x86)\Arduino\hardware\arduino\avr\cores\arduino\new.cpp">
      <Filter>src\_micro-api-readonly\core</Filter>
    </ClCompile>
    <ClCompile Include="..\..\..\..\..\Program Files (x86)\Arduino\hardware\arduino\avr\cores\arduino\PluggableUSB.cpp">
      <Filter>src\_micro-api-readonly\core</Filter>
    </ClCompile>
    <ClCompile Include="..\..\..\..\..\Program Files (x86)\Arduino\hardware\arduino\avr\cores\arduino\Print.cpp">
      <Filter>src\_micro-api-readonly\core</Filter>
    </ClCompile>
    <ClCompile Include="..\..\..\..\..\Program Files (x86)\Arduino\hardware\arduino\avr\cores\arduino\Stream.cpp">
      <Filter>src\_micro-api-readonly\core</Filter>
    </ClCompile>
    <ClCompile Include="..\..\..\..\..\Program Files (x86)\Arduino\hardware\arduino\avr\cores\arduino\Tone.cpp">
      <Filter>src\_micro-api-readonly\core</Filter>
    </ClCompile>
    <ClCompile Include="..\..\..\..\..\Program Files (x86)\Arduino\hardware\arduino\avr\cores\arduino\USBCore.cpp">
      <Filter>src\_micro-api-readonly\core</Filter>
    </ClCompile>
    <ClCompile Include="..\..\..\..\..\Program Files (x86)\Arduino\hardware\arduino\avr\cores\arduino\WInterrupts.c">
      <Filter>src\_micro-api-readonly\core</Filter>
    </ClCompile>
    <ClCompile Include="..\..\..\..\..\Program Files (x86)\Arduino\hardware\arduino\avr\cores\arduino\wiring.c">
      <Filter>src\_micro-api-readonly\core</Filter>
    </ClCompile>
    <ClCompile Include="..\..\..\..\..\Program Files (x86)\Arduino\hardware\arduino\avr\cores\arduino\wiring_analog.c">
      <Filter>src\_micro-api-readonly\core</Filter>
    </ClCompile>
    <ClCompile Include="..\..\..\..\..\Program Files (x86)\Arduino\hardware\arduino\avr\cores\arduino\wiring_digital.c">
      <Filter>src\_micro-api-readonly\core</Filter>
    </ClCompile>
    <ClCompile Include="..\..\..\..\..\Program Files (x86)\Arduino\hardware\arduino\avr\cores\arduino\wiring_pulse.c">
      <Filter>src\_micro-api-readonly\core</Filter>
    </ClCompile>
    <ClCompile Include="..\..\..\..\..\Program Files (x86)\Arduino\hardware\arduino\avr\cores\arduino\wiring_shift.c">
      <Filter>src\_micro-api-readonly\core</Filter>
    </ClCompile>
    <ClCompile Include="..\..\..\..\..\Program Files (x86)\Arduino\hardware\arduino\avr\cores\arduino\WMath.cpp">
      <Filter>src\_micro-api-readonly\core</Filter>
    </ClCompile>
    <ClCompile Include="..\..\..\..\..\Program Files (x86)\Arduino\hardware\arduino\avr\cores\arduino\WString.cpp">
      <Filter>src\_micro-api-readonly\core</Filter>
    </ClCompile>
    <ClCompile Include="..\libraries\jeelib\Ports.cpp">
      <Filter>src\_micro-api-readonly\libraries\jeelib</Filter>
    </ClCompile>
    <ClCompile Include="..\libraries\jeelib\PortsBMP085.cpp">
      <Filter>src\_micro-api-readonly\libraries\jeelib</Filter>
    </ClCompile>
    <ClCompile Include="..\libraries\jeelib\PortsLCD.cpp">
      <Filter>src\_micro-api-readonly\libraries\jeelib</Filter>
    </ClCompile>
    <ClCompile Include="..\libraries\jeelib\PortsRF12.cpp">
      <Filter>src\_micro-api-readonly\libraries\jeelib</Filter>
    </ClCompile>
    <ClCompile Include="..\libraries\jeelib\PortsSHT11.cpp">
      <Filter>src\_micro-api-readonly\libraries\jeelib</Filter>
    </ClCompile>
    <ClCompile Include="..\libraries\jeelib\RF12.cpp">
      <Filter>src\_micro-api-readonly\libraries\jeelib</Filter>
    </ClCompile>
    <ClCompile Include="..\libraries\jeelib\RF12sio.cpp">
      <Filter>src\_micro-api-readonly\libraries\jeelib</Filter>
    </ClCompile>
    <ClCompile Include="..\libraries\jeelib\RF69.cpp">
      <Filter>src\_micro-api-readonly\libraries\jeelib</Filter>
    </ClCompile>
    <ClCompile Include="..\libraries\jeelib\RF69_compat.cpp">
      <Filter>src\_micro-api-readonly\libraries\jeelib</Filter>
    </ClCompile>
    <ClCompile Include="..\libraries\RTClib\RTClib.cpp">
      <Filter>src\_micro-api-readonly\libraries\RTClib</Filter>
    </ClCompile>
    <ClCompile Include="..\libraries\serLCD\serLCD.cpp">
      <Filter>src\_micro-api-readonly\libraries\serLCD</Filter>
    </ClCompile>
    <ClCompile Include="..\..\..\..\..\Program Files (x86)\Arduino\libraries\Servo\src\avr\Servo.cpp">
      <Filter>src\_micro-api-readonly\libraries\Servo\src\avr</Filter>
    </ClCompile>
    <ClCompile Include="..\..\..\..\..\Program Files (x86)\Arduino\libraries\Servo\src\sam\Servo.cpp">
      <Filter>src\_micro-api-readonly\libraries\Servo\src\sam</Filter>
    </ClCompile>
    <ClCompile Include="..\..\..\..\..\Program Files (x86)\Arduino\libraries\Servo\src\samd\Servo.cpp">
      <Filter>src\_micro-api-readonly\libraries\Servo\src\samd</Filter>
    </ClCompile>
    <ClCompile Include="..\..\..\..\..\Program Files (x86)\Arduino\hardware\arduino\avr\libraries\SoftwareSerial\src\SoftwareSerial.cpp">
      <Filter>src\_micro-api-readonly\libraries\SoftwareSerial\src</Filter>
    </ClCompile>
    <ClCompile Include="..\..\..\..\..\Program Files (x86)\Arduino\hardware\arduino\avr\libraries\Wire\src\Wire.cpp">
      <Filter>src\_micro-api-readonly\libraries\Wire\src</Filter>
    </ClCompile>
    <ClCompile Include="..\..\..\..\..\Program Files (x86)\Arduino\hardware\arduino\avr\libraries\Wire\src\utility\twi.c">
      <Filter>src\_micro-api-readonly\libraries\Wire\src\utility</Filter>
    </ClCompile>
    <ClCompile Include="..\libraries\TimeAlarms\TimeAlarms.cpp">
      <Filter>src\_micro-api-readonly\libraries\TimeAlarms</Filter>
    </ClCompile>
    <ClCompile Include="..\libraries\Time\DateStrings.cpp">
      <Filter>src\_micro-api-readonly\libraries\Time</Filter>
    </ClCompile>
    <ClCompile Include="..\libraries\Time\Time.cpp">
      <Filter>src\_micro-api-readonly\libraries\Time</Filter>
    </ClCompile>
  </ItemGroup>
  <ItemGroup>
    <Text Include="..\..\..\..\..\Program Files (x86)\Arduino\hardware\arduino\avr\libraries\EEPROM\keywords.txt">
      <Filter>src\_micro-api-readonly\libraries\EEPROM</Filter>
    </Text>
    <Text Include="..\libraries\jeelib\keywords.txt">
      <Filter>src\_micro-api-readonly\libraries\jeelib</Filter>
    </Text>
    <Text Include="..\libraries\RTClib\keywords.txt">
      <Filter>src\_micro-api-readonly\libraries\RTClib</Filter>
    </Text>
    <Text Include="..\libraries\RTClib\README.txt">
      <Filter>src\_micro-api-readonly\libraries\RTClib</Filter>
    </Text>
    <Text Include="..\..\..\..\..\Program Files (x86)\Arduino\libraries\Servo\keywords.txt">
      <Filter>src\_micro-api-readonly\libraries\Servo</Filter>
    </Text>
    <Text Include="..\..\..\..\..\Program Files (x86)\Arduino\hardware\arduino\avr\libraries\SoftwareSerial\keywords.txt">
      <Filter>src\_micro-api-readonly\libraries\SoftwareSerial</Filter>
    </Text>
    <Text Include="..\..\..\..\..\Program Files (x86)\Arduino\hardware\arduino\avr\libraries\Wire\keywords.txt">
      <Filter>src\_micro-api-readonly\libraries\Wire</Filter>
    </Text>
    <Text Include="..\libraries\TimeAlarms\keywords.txt">
      <Filter>src\_micro-api-readonly\libraries\TimeAlarms</Filter>
    </Text>
    <Text Include="..\libraries\TimeAlarms\readme.txt">
      <Filter>src\_micro-api-readonly\libraries\TimeAlarms</Filter>
    </Text>
    <Text Include="..\libraries\Time\keywords.txt">
      <Filter>src\_micro-api-readonly\libraries\Time</Filter>
    </Text>
    <Text Include="..\libraries\Time\Readme.txt">
      <Filter>src\_micro-api-readonly\libraries\Time</Filter>
    </Text>
  </ItemGroup>
</Project>